
Microsoft Visual Studio Solution File, Format Version 12.00
# Visual Studio Version 17
VisualStudioVersion = 17.4.33403.182
MinimumVisualStudioVersion = 10.0.40219.1
Project("{F184B08F-C81C-45F6-A57F-5ABD9991F28F}") = "Red_and_write_text", "Red_and_write_text.vbproj", "{89193BB1-5CE0-49C3-9526-3C196C5C9C65}"
EndProject
Global
	GlobalSection(SolutionConfigurationPlatforms) = preSolution
		Debug|Any CPU = Debug|Any CPU
		Release|Any CPU = Release|Any CPU
	EndGlobalSection
	GlobalSection(ProjectConfigurationPlatforms) = postSolution
		{89193BB1-5CE0-49C3-9526-3C196C5C9C65}.Debug|Any CPU.ActiveCfg = Debug|Any CPU
		{89193BB1-5CE0-49C3-9526-3C196C5C9C65}.Debug|Any CPU.Build.0 = Debug|Any CPU
		{89193BB1-5CE0-49C3-9526-3C196C5C9C65}.Release|Any CPU.ActiveCfg = Release|Any CPU
		{89193BB1-5CE0-49C3-9526-3C196C5C9C65}.Release|Any CPU.Build.0 = Release|Any CPU
	EndGlobalSection
	GlobalSection(SolutionProperties) = preSolution
		HideSolutionNode = FALSE
	EndGlobalSection
	GlobalSection(ExtensibilityGlobals) = postSolution
		SolutionGuid = {A3F7BF08-D4C1-48FC-954F-019AA47E6DA6}
	EndGlobalSection
EndGlobal
