
Microsoft Visual Studio Solution File, Format Version 12.00
# Visual Studio Version 17
VisualStudioVersion = 17.5.33502.453
MinimumVisualStudioVersion = 10.0.40219.1
Project("{F184B08F-C81C-45F6-A57F-5ABD9991F28F}") = "Aula_17_03", "Aula_17_03\Aula_17_03.vbproj", "{6A6D2FAA-87D6-47F5-A160-1D4C6D1AA201}"
EndProject
Global
	GlobalSection(SolutionConfigurationPlatforms) = preSolution
		Debug|Any CPU = Debug|Any CPU
		Release|Any CPU = Release|Any CPU
	EndGlobalSection
	GlobalSection(ProjectConfigurationPlatforms) = postSolution
		{6A6D2FAA-87D6-47F5-A160-1D4C6D1AA201}.Debug|Any CPU.ActiveCfg = Debug|Any CPU
		{6A6D2FAA-87D6-47F5-A160-1D4C6D1AA201}.Debug|Any CPU.Build.0 = Debug|Any CPU
		{6A6D2FAA-87D6-47F5-A160-1D4C6D1AA201}.Release|Any CPU.ActiveCfg = Release|Any CPU
		{6A6D2FAA-87D6-47F5-A160-1D4C6D1AA201}.Release|Any CPU.Build.0 = Release|Any CPU
	EndGlobalSection
	GlobalSection(SolutionProperties) = preSolution
		HideSolutionNode = FALSE
	EndGlobalSection
	GlobalSection(ExtensibilityGlobals) = postSolution
		SolutionGuid = {93366C17-6EA3-4145-8EC2-E08BB0824E8D}
	EndGlobalSection
EndGlobal
