
Microsoft Visual Studio Solution File, Format Version 12.00
# Visual Studio Version 17
VisualStudioVersion = 17.5.33502.453
MinimumVisualStudioVersion = 10.0.40219.1
Project("{F184B08F-C81C-45F6-A57F-5ABD9991F28F}") = "II_84400_T7", "II_84400_T7\II_84400_T7.vbproj", "{09392BBF-2D21-48B9-8FD4-B590453A1412}"
EndProject
Global
	GlobalSection(SolutionConfigurationPlatforms) = preSolution
		Debug|Any CPU = Debug|Any CPU
		Release|Any CPU = Release|Any CPU
	EndGlobalSection
	GlobalSection(ProjectConfigurationPlatforms) = postSolution
		{09392BBF-2D21-48B9-8FD4-B590453A1412}.Debug|Any CPU.ActiveCfg = Debug|Any CPU
		{09392BBF-2D21-48B9-8FD4-B590453A1412}.Debug|Any CPU.Build.0 = Debug|Any CPU
		{09392BBF-2D21-48B9-8FD4-B590453A1412}.Release|Any CPU.ActiveCfg = Release|Any CPU
		{09392BBF-2D21-48B9-8FD4-B590453A1412}.Release|Any CPU.Build.0 = Release|Any CPU
	EndGlobalSection
	GlobalSection(SolutionProperties) = preSolution
		HideSolutionNode = FALSE
	EndGlobalSection
	GlobalSection(ExtensibilityGlobals) = postSolution
		SolutionGuid = {71AC27E5-25D7-4C45-8B6D-CE5EC77E0AD3}
	EndGlobalSection
EndGlobal
