
Microsoft Visual Studio Solution File, Format Version 12.00
# Visual Studio Version 17
VisualStudioVersion = 17.5.33424.131
MinimumVisualStudioVersion = 10.0.40219.1
Project("{F184B08F-C81C-45F6-A57F-5ABD9991F28F}") = "teste", "teste.vbproj", "{1398F834-F086-4839-A6DE-1B100E61F5F0}"
EndProject
Global
	GlobalSection(SolutionConfigurationPlatforms) = preSolution
		Debug|Any CPU = Debug|Any CPU
		Release|Any CPU = Release|Any CPU
	EndGlobalSection
	GlobalSection(ProjectConfigurationPlatforms) = postSolution
		{1398F834-F086-4839-A6DE-1B100E61F5F0}.Debug|Any CPU.ActiveCfg = Debug|Any CPU
		{1398F834-F086-4839-A6DE-1B100E61F5F0}.Debug|Any CPU.Build.0 = Debug|Any CPU
		{1398F834-F086-4839-A6DE-1B100E61F5F0}.Release|Any CPU.ActiveCfg = Release|Any CPU
		{1398F834-F086-4839-A6DE-1B100E61F5F0}.Release|Any CPU.Build.0 = Release|Any CPU
	EndGlobalSection
	GlobalSection(SolutionProperties) = preSolution
		HideSolutionNode = FALSE
	EndGlobalSection
	GlobalSection(ExtensibilityGlobals) = postSolution
		SolutionGuid = {DB4A9417-B88C-484A-B867-ABCB5B0E4BA0}
	EndGlobalSection
EndGlobal
